
Microsoft Visual Studio Solution File, Format Version 12.00
# Visual Studio 15
VisualStudioVersion = 15.0.27703.2026
MinimumVisualStudioVersion = 10.0.40219.1
Project("{2150E333-8FDC-42A3-9474-1A3956D46DE8}") = "src", "src", "{B89FC2D5-55FD-4C6D-AB70-E15EFCAA8E8C}"
EndProject
Project("{9A19103F-16F7-4668-BE54-9A1E7A4F7556}") = "ScottBrady91.IdentityModel", "src\ScottBrady91.IdentityModel\ScottBrady91.IdentityModel.csproj", "{9F91FEB9-4B41-4E0E-9F0F-5532213F9980}"
EndProject
Global
	GlobalSection(SolutionConfigurationPlatforms) = preSolution
		Debug|Any CPU = Debug|Any CPU
		Release|Any CPU = Release|Any CPU
	EndGlobalSection
	GlobalSection(ProjectConfigurationPlatforms) = postSolution
		{9F91FEB9-4B41-4E0E-9F0F-5532213F9980}.Debug|Any CPU.ActiveCfg = Debug|Any CPU
		{9F91FEB9-4B41-4E0E-9F0F-5532213F9980}.Debug|Any CPU.Build.0 = Debug|Any CPU
		{9F91FEB9-4B41-4E0E-9F0F-5532213F9980}.Release|Any CPU.ActiveCfg = Release|Any CPU
		{9F91FEB9-4B41-4E0E-9F0F-5532213F9980}.Release|Any CPU.Build.0 = Release|Any CPU
	EndGlobalSection
	GlobalSection(SolutionProperties) = preSolution
		HideSolutionNode = FALSE
	EndGlobalSection
	GlobalSection(NestedProjects) = preSolution
		{9F91FEB9-4B41-4E0E-9F0F-5532213F9980} = {B89FC2D5-55FD-4C6D-AB70-E15EFCAA8E8C}
	EndGlobalSection
	GlobalSection(ExtensibilityGlobals) = postSolution
		SolutionGuid = {4C155927-F4C9-4094-A84B-9B28E73D3023}
	EndGlobalSection
EndGlobal
